// !$*UTF8*$!
{
	archiveVersion = 1;
	classes = {
	};
	objectVersion = 48;
	objects = {

/* Begin PBXAggregateTarget section */
		0B9C6B051F144DF1009C68CA /* syncthing-dmg */ = {
			isa = PBXAggregateTarget;
			buildConfigurationList = 0B9C6B061F144DF1009C68CA /* Build configuration list for PBXAggregateTarget "syncthing-dmg" */;
			buildPhases = (
				0B889EB11F1451EF006E20E6 /* ShellScript */,
			);
			dependencies = (
				0B9C6B0A1F144DF6009C68CA /* PBXTargetDependency */,
			);
			name = "syncthing-dmg";
			productName = "syncthing-dmg";
		};
/* End PBXAggregateTarget section */

/* Begin PBXBuildFile section */
		0BE9B88A1F050E93002883E2 /* STStatusMonitor.m in Sources */ = {isa = PBXBuildFile; fileRef = 0BE9B8891F050E93002883E2 /* STStatusMonitor.m */; };
		298A5C45210DA6C40034B89F /* LocalhostTLSDelegate.m in Sources */ = {isa = PBXBuildFile; fileRef = 298A5C43210DA6C40034B89F /* LocalhostTLSDelegate.m */; };
		29AF1BA3210F11BF004212DE /* DaemonProcess.swift in Sources */ = {isa = PBXBuildFile; fileRef = 29AFA4CD210F10FA00071E5E /* DaemonProcess.swift */; };
		C4460A801D0DD2D500200C21 /* STPreferencesWindowController.m in Sources */ = {isa = PBXBuildFile; fileRef = C4460A7D1D0DD2D500200C21 /* STPreferencesWindowController.m */; };
		C4460A811D0DD2D500200C21 /* STStatusBarController.m in Sources */ = {isa = PBXBuildFile; fileRef = C4460A7F1D0DD2D500200C21 /* STStatusBarController.m */; };
		C4460A831D0DD38F00200C21 /* STPreferencesWindowController.xib in Resources */ = {isa = PBXBuildFile; fileRef = C4460A821D0DD38F00200C21 /* STPreferencesWindowController.xib */; };
		C47F6C3A1D0DE68D00F36CF6 /* syncthing.icns in Resources */ = {isa = PBXBuildFile; fileRef = C47F6C391D0DE68D00F36CF6 /* syncthing.icns */; };
		C48B83B61DA444BC0052A172 /* STConfiguration.m in Sources */ = {isa = PBXBuildFile; fileRef = C48B83B51DA444BC0052A172 /* STConfiguration.m */; };
		C4946B011D5877F2008447A2 /* STAboutWindowController.xib in Resources */ = {isa = PBXBuildFile; fileRef = C4946B001D5877F2008447A2 /* STAboutWindowController.xib */; };
		C4946B031D587878008447A2 /* STAboutWindowController.m in Sources */ = {isa = PBXBuildFile; fileRef = C4946B021D587878008447A2 /* STAboutWindowController.m */; };
		C4A415651D0D579D00DC6018 /* STApplication.m in Sources */ = {isa = PBXBuildFile; fileRef = C4A415641D0D579D00DC6018 /* STApplication.m */; };
		C4A415681D0D579D00DC6018 /* main.m in Sources */ = {isa = PBXBuildFile; fileRef = C4A415671D0D579D00DC6018 /* main.m */; };
		C4A4156A1D0D579D00DC6018 /* Assets.xcassets in Resources */ = {isa = PBXBuildFile; fileRef = C4A415691D0D579D00DC6018 /* Assets.xcassets */; };
		C4A4156D1D0D579D00DC6018 /* STApplication.xib in Resources */ = {isa = PBXBuildFile; fileRef = C4A4156B1D0D579D00DC6018 /* STApplication.xib */; };
		C4D36D801DA3D53F0061FD08 /* STPreferencesAdvancedViewController.m in Sources */ = {isa = PBXBuildFile; fileRef = C4D36D7E1DA3D53F0061FD08 /* STPreferencesAdvancedViewController.m */; };
		C4D36D811DA3D53F0061FD08 /* STPreferencesAdvancedViewController.xib in Resources */ = {isa = PBXBuildFile; fileRef = C4D36D7F1DA3D53F0061FD08 /* STPreferencesAdvancedViewController.xib */; };
		C4D36D851DA3E2820061FD08 /* STPreferencesDevicesViewController.m in Sources */ = {isa = PBXBuildFile; fileRef = C4D36D831DA3E2820061FD08 /* STPreferencesDevicesViewController.m */; };
		C4D36D861DA3E2820061FD08 /* STPreferencesDevicesViewController.xib in Resources */ = {isa = PBXBuildFile; fileRef = C4D36D841DA3E2820061FD08 /* STPreferencesDevicesViewController.xib */; };
		C4D567A21D3A8DFE002AD881 /* STLoginItem.m in Sources */ = {isa = PBXBuildFile; fileRef = C4D567A11D3A8DFE002AD881 /* STLoginItem.m */; };
		C4F0E82E1DA1B9CF00435310 /* STPreferencesGeneralViewController.m in Sources */ = {isa = PBXBuildFile; fileRef = C4F0E82C1DA1B9CF00435310 /* STPreferencesGeneralViewController.m */; };
		C4F0E82F1DA1B9CF00435310 /* STPreferencesGeneralViewController.xib in Resources */ = {isa = PBXBuildFile; fileRef = C4F0E82D1DA1B9CF00435310 /* STPreferencesGeneralViewController.xib */; };
		C4F0E8331DA1C7A800435310 /* STPreferencesFoldersViewController.m in Sources */ = {isa = PBXBuildFile; fileRef = C4F0E8311DA1C7A800435310 /* STPreferencesFoldersViewController.m */; };
		C4F0E8341DA1C7A800435310 /* STPreferencesFoldersViewController.xib in Resources */ = {isa = PBXBuildFile; fileRef = C4F0E8321DA1C7A800435310 /* STPreferencesFoldersViewController.xib */; };
		C4F0E8381DA1CB0900435310 /* STPreferencesInfoViewController.m in Sources */ = {isa = PBXBuildFile; fileRef = C4F0E8361DA1CB0900435310 /* STPreferencesInfoViewController.m */; };
		C4F0E8391DA1CB0900435310 /* STPreferencesInfoViewController.xib in Resources */ = {isa = PBXBuildFile; fileRef = C4F0E8371DA1CB0900435310 /* STPreferencesInfoViewController.xib */; };
		C4FFB0661D0D7F870015D14A /* XGSyncthing.m in Sources */ = {isa = PBXBuildFile; fileRef = C4FFB0641D0D7E4C0015D14A /* XGSyncthing.m */; };
/* End PBXBuildFile section */

/* Begin PBXContainerItemProxy section */
		0B9C6B091F144DF6009C68CA /* PBXContainerItemProxy */ = {
			isa = PBXContainerItemProxy;
			containerPortal = C4A415581D0D579D00DC6018 /* Project object */;
			proxyType = 1;
			remoteGlobalIDString = C4A4155F1D0D579D00DC6018;
			remoteInfo = syncthing;
		};
/* End PBXContainerItemProxy section */

/* Begin PBXCopyFilesBuildPhase section */
		C462613D1D57944400B16BC6 /* Copy Files */ = {
			isa = PBXCopyFilesBuildPhase;
			buildActionMask = 2147483647;
			dstPath = "";
			dstSubfolderSpec = 10;
			files = (
			);
			name = "Copy Files";
			runOnlyForDeploymentPostprocessing = 0;
		};
/* End PBXCopyFilesBuildPhase section */

/* Begin PBXFileReference section */
		0BE9B8881F050E93002883E2 /* STStatusMonitor.h */ = {isa = PBXFileReference; fileEncoding = 4; lastKnownFileType = sourcecode.c.h; path = STStatusMonitor.h; sourceTree = "<group>"; };
		0BE9B8891F050E93002883E2 /* STStatusMonitor.m */ = {isa = PBXFileReference; fileEncoding = 4; lastKnownFileType = sourcecode.c.objc; path = STStatusMonitor.m; sourceTree = "<group>"; };
		298A5C43210DA6C40034B89F /* LocalhostTLSDelegate.m */ = {isa = PBXFileReference; fileEncoding = 4; lastKnownFileType = sourcecode.c.objc; path = LocalhostTLSDelegate.m; sourceTree = "<group>"; };
		298A5C44210DA6C40034B89F /* LocalhostTLSDelegate.h */ = {isa = PBXFileReference; fileEncoding = 4; lastKnownFileType = sourcecode.c.h; path = LocalhostTLSDelegate.h; sourceTree = "<group>"; };
		29AF1BA4210F11DE004212DE /* syncthing-Bridging-Header.h */ = {isa = PBXFileReference; fileEncoding = 4; lastKnownFileType = sourcecode.c.h; path = "syncthing-Bridging-Header.h"; sourceTree = "<group>"; };
		29AFA4CD210F10FA00071E5E /* DaemonProcess.swift */ = {isa = PBXFileReference; fileEncoding = 4; lastKnownFileType = sourcecode.swift; path = DaemonProcess.swift; sourceTree = "<group>"; };
		29CC334D4211142108D2F82C /* Pods-syncthing.release.xcconfig */ = {isa = PBXFileReference; includeInIndex = 1; lastKnownFileType = text.xcconfig; name = "Pods-syncthing.release.xcconfig"; path = "Pods/Target Support Files/Pods-syncthing/Pods-syncthing.release.xcconfig"; sourceTree = "<group>"; };
		C44262761D0DEF9F005340C2 /* LICENSE */ = {isa = PBXFileReference; fileEncoding = 4; lastKnownFileType = text; path = LICENSE; sourceTree = "<group>"; };
		C4460A7C1D0DD2D500200C21 /* STPreferencesWindowController.h */ = {isa = PBXFileReference; fileEncoding = 4; lastKnownFileType = sourcecode.c.h; name = STPreferencesWindowController.h; path = Controllers/STPreferencesWindowController.h; sourceTree = "<group>"; };
		C4460A7D1D0DD2D500200C21 /* STPreferencesWindowController.m */ = {isa = PBXFileReference; fileEncoding = 4; lastKnownFileType = sourcecode.c.objc; name = STPreferencesWindowController.m; path = Controllers/STPreferencesWindowController.m; sourceTree = "<group>"; };
		C4460A7E1D0DD2D500200C21 /* STStatusBarController.h */ = {isa = PBXFileReference; fileEncoding = 4; lastKnownFileType = sourcecode.c.h; name = STStatusBarController.h; path = Controllers/STStatusBarController.h; sourceTree = "<group>"; };
		C4460A7F1D0DD2D500200C21 /* STStatusBarController.m */ = {isa = PBXFileReference; fileEncoding = 4; lastKnownFileType = sourcecode.c.objc; name = STStatusBarController.m; path = Controllers/STStatusBarController.m; sourceTree = "<group>"; };
		C4460A821D0DD38F00200C21 /* STPreferencesWindowController.xib */ = {isa = PBXFileReference; fileEncoding = 4; lastKnownFileType = file.xib; name = STPreferencesWindowController.xib; path = UI/STPreferencesWindowController.xib; sourceTree = "<group>"; };
		C4576BD51D11E3210031BCFD /* create-dmg.sh */ = {isa = PBXFileReference; fileEncoding = 4; lastKnownFileType = text.script.sh; name = "create-dmg.sh"; path = "syncthing/Scripts/create-dmg.sh"; sourceTree = "<group>"; };
		C4576BE51D11E79F0031BCFD /* Foundation.framework */ = {isa = PBXFileReference; lastKnownFileType = wrapper.framework; name = Foundation.framework; path = System/Library/Frameworks/Foundation.framework; sourceTree = SDKROOT; };
		C4576BE71D11E7C00031BCFD /* libobjc.tbd */ = {isa = PBXFileReference; lastKnownFileType = "sourcecode.text-based-dylib-definition"; name = libobjc.tbd; path = usr/lib/libobjc.tbd; sourceTree = SDKROOT; };
		C4576BE91D11E7E10031BCFD /* CoreFoundation.framework */ = {isa = PBXFileReference; lastKnownFileType = wrapper.framework; name = CoreFoundation.framework; path = System/Library/Frameworks/CoreFoundation.framework; sourceTree = SDKROOT; };
		C47F6C391D0DE68D00F36CF6 /* syncthing.icns */ = {isa = PBXFileReference; lastKnownFileType = image.icns; path = syncthing.icns; sourceTree = "<group>"; };
		C48B83B41DA444BC0052A172 /* STConfiguration.h */ = {isa = PBXFileReference; fileEncoding = 4; lastKnownFileType = sourcecode.c.h; path = STConfiguration.h; sourceTree = "<group>"; };
		C48B83B51DA444BC0052A172 /* STConfiguration.m */ = {isa = PBXFileReference; fileEncoding = 4; lastKnownFileType = sourcecode.c.objc; path = STConfiguration.m; sourceTree = "<group>"; };
		C4946B001D5877F2008447A2 /* STAboutWindowController.xib */ = {isa = PBXFileReference; fileEncoding = 4; lastKnownFileType = file.xib; name = STAboutWindowController.xib; path = UI/STAboutWindowController.xib; sourceTree = "<group>"; };
		C4946B021D587878008447A2 /* STAboutWindowController.m */ = {isa = PBXFileReference; fileEncoding = 4; lastKnownFileType = sourcecode.c.objc; name = STAboutWindowController.m; path = Controllers/STAboutWindowController.m; sourceTree = "<group>"; };
		C4946B041D587907008447A2 /* STAboutWindowController.h */ = {isa = PBXFileReference; fileEncoding = 4; lastKnownFileType = sourcecode.c.h; name = STAboutWindowController.h; path = Controllers/STAboutWindowController.h; sourceTree = "<group>"; };
		C4A415601D0D579D00DC6018 /* Syncthing.app */ = {isa = PBXFileReference; explicitFileType = wrapper.application; includeInIndex = 0; path = Syncthing.app; sourceTree = BUILT_PRODUCTS_DIR; };
		C4A415631D0D579D00DC6018 /* STApplication.h */ = {isa = PBXFileReference; lastKnownFileType = sourcecode.c.h; path = STApplication.h; sourceTree = "<group>"; };
		C4A415641D0D579D00DC6018 /* STApplication.m */ = {isa = PBXFileReference; lastKnownFileType = sourcecode.c.objc; path = STApplication.m; sourceTree = "<group>"; };
		C4A415671D0D579D00DC6018 /* main.m */ = {isa = PBXFileReference; lastKnownFileType = sourcecode.c.objc; path = main.m; sourceTree = "<group>"; };
		C4A415691D0D579D00DC6018 /* Assets.xcassets */ = {isa = PBXFileReference; lastKnownFileType = folder.assetcatalog; path = Assets.xcassets; sourceTree = "<group>"; };
		C4A4156C1D0D579D00DC6018 /* Base */ = {isa = PBXFileReference; lastKnownFileType = file.xib; name = Base; path = Base.lproj/STApplication.xib; sourceTree = "<group>"; };
		C4A4156E1D0D579D00DC6018 /* Info.plist */ = {isa = PBXFileReference; lastKnownFileType = text.plist.xml; path = Info.plist; sourceTree = "<group>"; };
		C4D36D7D1DA3D53F0061FD08 /* STPreferencesAdvancedViewController.h */ = {isa = PBXFileReference; fileEncoding = 4; lastKnownFileType = sourcecode.c.h; name = STPreferencesAdvancedViewController.h; path = UI/STPreferencesWindow/STPreferencesAdvancedViewController.h; sourceTree = "<group>"; };
		C4D36D7E1DA3D53F0061FD08 /* STPreferencesAdvancedViewController.m */ = {isa = PBXFileReference; fileEncoding = 4; lastKnownFileType = sourcecode.c.objc; name = STPreferencesAdvancedViewController.m; path = UI/STPreferencesWindow/STPreferencesAdvancedViewController.m; sourceTree = "<group>"; };
		C4D36D7F1DA3D53F0061FD08 /* STPreferencesAdvancedViewController.xib */ = {isa = PBXFileReference; fileEncoding = 4; lastKnownFileType = file.xib; name = STPreferencesAdvancedViewController.xib; path = UI/STPreferencesWindow/STPreferencesAdvancedViewController.xib; sourceTree = "<group>"; };
		C4D36D821DA3E2820061FD08 /* STPreferencesDevicesViewController.h */ = {isa = PBXFileReference; fileEncoding = 4; lastKnownFileType = sourcecode.c.h; name = STPreferencesDevicesViewController.h; path = UI/STPreferencesWindow/STPreferencesDevicesViewController.h; sourceTree = "<group>"; };
		C4D36D831DA3E2820061FD08 /* STPreferencesDevicesViewController.m */ = {isa = PBXFileReference; fileEncoding = 4; lastKnownFileType = sourcecode.c.objc; name = STPreferencesDevicesViewController.m; path = UI/STPreferencesWindow/STPreferencesDevicesViewController.m; sourceTree = "<group>"; };
		C4D36D841DA3E2820061FD08 /* STPreferencesDevicesViewController.xib */ = {isa = PBXFileReference; fileEncoding = 4; lastKnownFileType = file.xib; name = STPreferencesDevicesViewController.xib; path = UI/STPreferencesWindow/STPreferencesDevicesViewController.xib; sourceTree = "<group>"; };
		C4D567A11D3A8DFE002AD881 /* STLoginItem.m */ = {isa = PBXFileReference; fileEncoding = 4; lastKnownFileType = sourcecode.c.objc; path = STLoginItem.m; sourceTree = "<group>"; };
		C4D567A31D3A8E34002AD881 /* STLoginItem.h */ = {isa = PBXFileReference; fileEncoding = 4; lastKnownFileType = sourcecode.c.h; path = STLoginItem.h; sourceTree = "<group>"; };
		C4D6DD581D0D93D80024D20A /* README.md */ = {isa = PBXFileReference; fileEncoding = 4; lastKnownFileType = net.daringfireball.markdown; path = README.md; sourceTree = "<group>"; };
		C4D896121D0DF90900D42F73 /* syncthing-resource.sh */ = {isa = PBXFileReference; fileEncoding = 4; lastKnownFileType = text.script.sh; name = "syncthing-resource.sh"; path = "syncthing/Scripts/syncthing-resource.sh"; sourceTree = "<group>"; };
		C4F0E82B1DA1B9CF00435310 /* STPreferencesGeneralViewController.h */ = {isa = PBXFileReference; fileEncoding = 4; lastKnownFileType = sourcecode.c.h; path = STPreferencesGeneralViewController.h; sourceTree = "<group>"; };
		C4F0E82C1DA1B9CF00435310 /* STPreferencesGeneralViewController.m */ = {isa = PBXFileReference; fileEncoding = 4; lastKnownFileType = sourcecode.c.objc; path = STPreferencesGeneralViewController.m; sourceTree = "<group>"; };
		C4F0E82D1DA1B9CF00435310 /* STPreferencesGeneralViewController.xib */ = {isa = PBXFileReference; fileEncoding = 4; lastKnownFileType = file.xib; path = STPreferencesGeneralViewController.xib; sourceTree = "<group>"; };
		C4F0E8301DA1C7A800435310 /* STPreferencesFoldersViewController.h */ = {isa = PBXFileReference; fileEncoding = 4; lastKnownFileType = sourcecode.c.h; name = STPreferencesFoldersViewController.h; path = UI/STPreferencesWindow/STPreferencesFoldersViewController.h; sourceTree = "<group>"; };
		C4F0E8311DA1C7A800435310 /* STPreferencesFoldersViewController.m */ = {isa = PBXFileReference; fileEncoding = 4; lastKnownFileType = sourcecode.c.objc; name = STPreferencesFoldersViewController.m; path = UI/STPreferencesWindow/STPreferencesFoldersViewController.m; sourceTree = "<group>"; };
		C4F0E8321DA1C7A800435310 /* STPreferencesFoldersViewController.xib */ = {isa = PBXFileReference; fileEncoding = 4; lastKnownFileType = file.xib; name = STPreferencesFoldersViewController.xib; path = UI/STPreferencesWindow/STPreferencesFoldersViewController.xib; sourceTree = "<group>"; };
		C4F0E8351DA1CB0900435310 /* STPreferencesInfoViewController.h */ = {isa = PBXFileReference; fileEncoding = 4; lastKnownFileType = sourcecode.c.h; name = STPreferencesInfoViewController.h; path = UI/STPreferencesWindow/STPreferencesInfoViewController.h; sourceTree = "<group>"; };
		C4F0E8361DA1CB0900435310 /* STPreferencesInfoViewController.m */ = {isa = PBXFileReference; fileEncoding = 4; lastKnownFileType = sourcecode.c.objc; name = STPreferencesInfoViewController.m; path = UI/STPreferencesWindow/STPreferencesInfoViewController.m; sourceTree = "<group>"; };
		C4F0E8371DA1CB0900435310 /* STPreferencesInfoViewController.xib */ = {isa = PBXFileReference; fileEncoding = 4; lastKnownFileType = file.xib; name = STPreferencesInfoViewController.xib; path = UI/STPreferencesWindow/STPreferencesInfoViewController.xib; sourceTree = "<group>"; };
		C4FFB0631D0D7E440015D14A /* XGSyncthing.h */ = {isa = PBXFileReference; fileEncoding = 4; lastKnownFileType = sourcecode.c.h; name = XGSyncthing.h; path = syncthing/XGSyncthing.h; sourceTree = SOURCE_ROOT; };
		C4FFB0641D0D7E4C0015D14A /* XGSyncthing.m */ = {isa = PBXFileReference; fileEncoding = 4; lastKnownFileType = sourcecode.c.objc; name = XGSyncthing.m; path = syncthing/XGSyncthing.m; sourceTree = SOURCE_ROOT; };
		FB3E4EE48CFC608AD4FBDE77 /* Pods-syncthing.debug.xcconfig */ = {isa = PBXFileReference; includeInIndex = 1; lastKnownFileType = text.xcconfig; name = "Pods-syncthing.debug.xcconfig"; path = "Pods/Target Support Files/Pods-syncthing/Pods-syncthing.debug.xcconfig"; sourceTree = "<group>"; };
/* End PBXFileReference section */

/* Begin PBXFrameworksBuildPhase section */
		C4A4155D1D0D579D00DC6018 /* Frameworks */ = {
			isa = PBXFrameworksBuildPhase;
			buildActionMask = 2147483647;
			files = (
			);
			runOnlyForDeploymentPostprocessing = 0;
		};
/* End PBXFrameworksBuildPhase section */

/* Begin PBXGroup section */
		37B4D367252EC0BC94949322 /* Pods */ = {
			isa = PBXGroup;
			children = (
				FB3E4EE48CFC608AD4FBDE77 /* Pods-syncthing.debug.xcconfig */,
				29CC334D4211142108D2F82C /* Pods-syncthing.release.xcconfig */,
			);
			name = Pods;
			sourceTree = "<group>";
		};
		C4460A881D0DE58B00200C21 /* Docs */ = {
			isa = PBXGroup;
			children = (
				C44262761D0DEF9F005340C2 /* LICENSE */,
				C4D6DD581D0D93D80024D20A /* README.md */,
			);
			name = Docs;
			sourceTree = "<group>";
		};
		C46261361D578DA800B16BC6 /* Frameworks */ = {
			isa = PBXGroup;
			children = (
				C4576BE91D11E7E10031BCFD /* CoreFoundation.framework */,
				C4576BE51D11E79F0031BCFD /* Foundation.framework */,
			);
			name = Frameworks;
			sourceTree = "<group>";
		};
		C465000A1DA114FE00C250BC /* STPreferencesWindow */ = {
			isa = PBXGroup;
			children = (
				C4460A7C1D0DD2D500200C21 /* STPreferencesWindowController.h */,
				C4460A7D1D0DD2D500200C21 /* STPreferencesWindowController.m */,
				C4F0E82B1DA1B9CF00435310 /* STPreferencesGeneralViewController.h */,
				C4F0E82C1DA1B9CF00435310 /* STPreferencesGeneralViewController.m */,
				C4F0E82D1DA1B9CF00435310 /* STPreferencesGeneralViewController.xib */,
				C4F0E8301DA1C7A800435310 /* STPreferencesFoldersViewController.h */,
				C4F0E8311DA1C7A800435310 /* STPreferencesFoldersViewController.m */,
				C4F0E8321DA1C7A800435310 /* STPreferencesFoldersViewController.xib */,
				C4F0E8351DA1CB0900435310 /* STPreferencesInfoViewController.h */,
				C4F0E8361DA1CB0900435310 /* STPreferencesInfoViewController.m */,
				C4F0E8371DA1CB0900435310 /* STPreferencesInfoViewController.xib */,
				C4D36D7D1DA3D53F0061FD08 /* STPreferencesAdvancedViewController.h */,
				C4D36D7E1DA3D53F0061FD08 /* STPreferencesAdvancedViewController.m */,
				C4D36D7F1DA3D53F0061FD08 /* STPreferencesAdvancedViewController.xib */,
				C4D36D821DA3E2820061FD08 /* STPreferencesDevicesViewController.h */,
				C4D36D831DA3E2820061FD08 /* STPreferencesDevicesViewController.m */,
				C4D36D841DA3E2820061FD08 /* STPreferencesDevicesViewController.xib */,
			);
			name = STPreferencesWindow;
			sourceTree = "<group>";
		};
		C46500101DA116D400C250BC /* STPreferencesWindow */ = {
			isa = PBXGroup;
			children = (
				C4460A821D0DD38F00200C21 /* STPreferencesWindowController.xib */,
			);
			name = STPreferencesWindow;
			sourceTree = "<group>";
		};
		C465001D1DA18F4300C250BC /* Misc */ = {
			isa = PBXGroup;
			children = (
				29AF1BA4210F11DE004212DE /* syncthing-Bridging-Header.h */,
				29AFA4CD210F10FA00071E5E /* DaemonProcess.swift */,
				298A5C44210DA6C40034B89F /* LocalhostTLSDelegate.h */,
				298A5C43210DA6C40034B89F /* LocalhostTLSDelegate.m */,
				C4FFB0631D0D7E440015D14A /* XGSyncthing.h */,
				C4FFB0641D0D7E4C0015D14A /* XGSyncthing.m */,
				C4A415631D0D579D00DC6018 /* STApplication.h */,
				C4A415641D0D579D00DC6018 /* STApplication.m */,
				C4D567A11D3A8DFE002AD881 /* STLoginItem.m */,
				C4D567A31D3A8E34002AD881 /* STLoginItem.h */,
				C48B83B41DA444BC0052A172 /* STConfiguration.h */,
				C48B83B51DA444BC0052A172 /* STConfiguration.m */,
				0BE9B8881F050E93002883E2 /* STStatusMonitor.h */,
				0BE9B8891F050E93002883E2 /* STStatusMonitor.m */,
			);
			name = Misc;
			sourceTree = "<group>";
		};
		C4A415571D0D579D00DC6018 = {
			isa = PBXGroup;
			children = (
				C46261361D578DA800B16BC6 /* Frameworks */,
				C4576BE71D11E7C00031BCFD /* libobjc.tbd */,
				C4D896141D0DF90E00D42F73 /* Scripts */,
				C4460A881D0DE58B00200C21 /* Docs */,
				C4A415621D0D579D00DC6018 /* Sources */,
				C4A415611D0D579D00DC6018 /* Products */,
				37B4D367252EC0BC94949322 /* Pods */,
			);
			sourceTree = "<group>";
		};
		C4A415611D0D579D00DC6018 /* Products */ = {
			isa = PBXGroup;
			children = (
				C4A415601D0D579D00DC6018 /* Syncthing.app */,
			);
			name = Products;
			sourceTree = "<group>";
		};
		C4A415621D0D579D00DC6018 /* Sources */ = {
			isa = PBXGroup;
			children = (
				C465001D1DA18F4300C250BC /* Misc */,
				C4D6DD601D0DB18A0024D20A /* UI */,
				C4D6DD5F1D0DAF530024D20A /* Controllers */,
				C4A415691D0D579D00DC6018 /* Assets.xcassets */,
				C4A4156E1D0D579D00DC6018 /* Info.plist */,
				C4A415661D0D579D00DC6018 /* Supporting Files */,
			);
			name = Sources;
			path = syncthing;
			sourceTree = "<group>";
		};
		C4A415661D0D579D00DC6018 /* Supporting Files */ = {
			isa = PBXGroup;
			children = (
				C47F6C391D0DE68D00F36CF6 /* syncthing.icns */,
				C4A415671D0D579D00DC6018 /* main.m */,
			);
			name = "Supporting Files";
			sourceTree = "<group>";
		};
		C4D6DD5F1D0DAF530024D20A /* Controllers */ = {
			isa = PBXGroup;
			children = (
				C465000A1DA114FE00C250BC /* STPreferencesWindow */,
				C4460A7E1D0DD2D500200C21 /* STStatusBarController.h */,
				C4460A7F1D0DD2D500200C21 /* STStatusBarController.m */,
				C4946B021D587878008447A2 /* STAboutWindowController.m */,
				C4946B041D587907008447A2 /* STAboutWindowController.h */,
			);
			name = Controllers;
			sourceTree = "<group>";
		};
		C4D6DD601D0DB18A0024D20A /* UI */ = {
			isa = PBXGroup;
			children = (
				C46500101DA116D400C250BC /* STPreferencesWindow */,
				C4A4156B1D0D579D00DC6018 /* STApplication.xib */,
				C4946B001D5877F2008447A2 /* STAboutWindowController.xib */,
			);
			name = UI;
			sourceTree = "<group>";
		};
		C4D896141D0DF90E00D42F73 /* Scripts */ = {
			isa = PBXGroup;
			children = (
				C4576BD51D11E3210031BCFD /* create-dmg.sh */,
				C4D896121D0DF90900D42F73 /* syncthing-resource.sh */,
			);
			name = Scripts;
			sourceTree = "<group>";
		};
/* End PBXGroup section */

/* Begin PBXNativeTarget section */
		C4A4155F1D0D579D00DC6018 /* syncthing */ = {
			isa = PBXNativeTarget;
			buildConfigurationList = C4A415711D0D579D00DC6018 /* Build configuration list for PBXNativeTarget "syncthing" */;
			buildPhases = (
				8A5B68A2BC79FFEFE08E3863 /* [CP] Check Pods Manifest.lock */,
				C4A4155C1D0D579D00DC6018 /* Sources */,
				C4A4155D1D0D579D00DC6018 /* Frameworks */,
				C4A4155E1D0D579D00DC6018 /* Resources */,
				C462613D1D57944400B16BC6 /* Copy Files */,
				C4946AFF1D5876AF008447A2 /* ShellScript */,
				76C4F2C92ED96E367934A99B /* [CP] Embed Pods Frameworks */,
			);
			buildRules = (
			);
			dependencies = (
			);
			name = syncthing;
			productName = syncthing;
			productReference = C4A415601D0D579D00DC6018 /* Syncthing.app */;
			productType = "com.apple.product-type.application";
		};
/* End PBXNativeTarget section */

/* Begin PBXProject section */
		C4A415581D0D579D00DC6018 /* Project object */ = {
			isa = PBXProject;
			attributes = {
				LastUpgradeCheck = 0940;
				ORGANIZATIONNAME = "Jerry Jacobs";
				TargetAttributes = {
					0B9C6B051F144DF1009C68CA = {
						CreatedOnToolsVersion = 8.3.3;
						ProvisioningStyle = Automatic;
					};
					C4A4155F1D0D579D00DC6018 = {
						CreatedOnToolsVersion = 7.3.1;
						DevelopmentTeam = C24U83K674;
						LastSwiftMigration = 0940;
						ProvisioningStyle = Automatic;
					};
				};
			};
			buildConfigurationList = C4A4155B1D0D579D00DC6018 /* Build configuration list for PBXProject "syncthing" */;
			compatibilityVersion = "Xcode 8.0";
			developmentRegion = English;
			hasScannedForEncodings = 0;
			knownRegions = (
				en,
				Base,
			);
			mainGroup = C4A415571D0D579D00DC6018;
			productRefGroup = C4A415611D0D579D00DC6018 /* Products */;
			projectDirPath = "";
			projectRoot = "";
			targets = (
				C4A4155F1D0D579D00DC6018 /* syncthing */,
				0B9C6B051F144DF1009C68CA /* syncthing-dmg */,
			);
		};
/* End PBXProject section */

/* Begin PBXResourcesBuildPhase section */
		C4A4155E1D0D579D00DC6018 /* Resources */ = {
			isa = PBXResourcesBuildPhase;
			buildActionMask = 2147483647;
			files = (
				C4F0E8391DA1CB0900435310 /* STPreferencesInfoViewController.xib in Resources */,
				C4D36D811DA3D53F0061FD08 /* STPreferencesAdvancedViewController.xib in Resources */,
				C4D36D861DA3E2820061FD08 /* STPreferencesDevicesViewController.xib in Resources */,
				C47F6C3A1D0DE68D00F36CF6 /* syncthing.icns in Resources */,
				C4A4156A1D0D579D00DC6018 /* Assets.xcassets in Resources */,
				C4A4156D1D0D579D00DC6018 /* STApplication.xib in Resources */,
				C4F0E8341DA1C7A800435310 /* STPreferencesFoldersViewController.xib in Resources */,
				C4460A831D0DD38F00200C21 /* STPreferencesWindowController.xib in Resources */,
				C4946B011D5877F2008447A2 /* STAboutWindowController.xib in Resources */,
				C4F0E82F1DA1B9CF00435310 /* STPreferencesGeneralViewController.xib in Resources */,
			);
			runOnlyForDeploymentPostprocessing = 0;
		};
/* End PBXResourcesBuildPhase section */

/* Begin PBXShellScriptBuildPhase section */
		0B889EB11F1451EF006E20E6 /* ShellScript */ = {
			isa = PBXShellScriptBuildPhase;
			buildActionMask = 2147483647;
			files = (
			);
			inputPaths = (
			);
			outputPaths = (
			);
			runOnlyForDeploymentPostprocessing = 0;
			shellPath = /bin/sh;
			shellScript = "${SOURCE_ROOT}/syncthing/Scripts/create-dmg.sh\n";
		};
		76C4F2C92ED96E367934A99B /* [CP] Embed Pods Frameworks */ = {
			isa = PBXShellScriptBuildPhase;
			buildActionMask = 2147483647;
			files = (
			);
			inputPaths = (
				"${SRCROOT}/Pods/Target Support Files/Pods-syncthing/Pods-syncthing-frameworks.sh",
				"${PODS_ROOT}/Sparkle/Sparkle.framework",
				"${PODS_ROOT}/Sparkle/Sparkle.framework.dSYM",
			);
			name = "[CP] Embed Pods Frameworks";
			outputPaths = (
				"${TARGET_BUILD_DIR}/${FRAMEWORKS_FOLDER_PATH}/Sparkle.framework",
				"${DWARF_DSYM_FOLDER_PATH}/Sparkle.framework.dSYM",
			);
			runOnlyForDeploymentPostprocessing = 0;
			shellPath = /bin/sh;
			shellScript = "\"${SRCROOT}/Pods/Target Support Files/Pods-syncthing/Pods-syncthing-frameworks.sh\"\n";
			showEnvVarsInLog = 0;
		};
		8A5B68A2BC79FFEFE08E3863 /* [CP] Check Pods Manifest.lock */ = {
			isa = PBXShellScriptBuildPhase;
			buildActionMask = 2147483647;
			files = (
			);
			inputPaths = (
				"${PODS_PODFILE_DIR_PATH}/Podfile.lock",
				"${PODS_ROOT}/Manifest.lock",
			);
			name = "[CP] Check Pods Manifest.lock";
			outputPaths = (
				"$(DERIVED_FILE_DIR)/Pods-syncthing-checkManifestLockResult.txt",
			);
			runOnlyForDeploymentPostprocessing = 0;
			shellPath = /bin/sh;
			shellScript = "diff \"${PODS_PODFILE_DIR_PATH}/Podfile.lock\" \"${PODS_ROOT}/Manifest.lock\" > /dev/null\nif [ $? != 0 ] ; then\n    # print error to STDERR\n    echo \"error: The sandbox is not in sync with the Podfile.lock. Run 'pod install' or update your CocoaPods installation.\" >&2\n    exit 1\nfi\n# This output is used by Xcode 'outputs' to avoid re-running this script phase.\necho \"SUCCESS\" > \"${SCRIPT_OUTPUT_FILE_0}\"\n";
			showEnvVarsInLog = 0;
		};
		C4946AFF1D5876AF008447A2 /* ShellScript */ = {
			isa = PBXShellScriptBuildPhase;
			buildActionMask = 2147483647;
			files = (
			);
			inputPaths = (
			);
			outputPaths = (
			);
			runOnlyForDeploymentPostprocessing = 0;
			shellPath = /bin/sh;
			shellScript = "${SOURCE_ROOT}/syncthing/Scripts/syncthing-resource.sh";
			showEnvVarsInLog = 0;
		};
/* End PBXShellScriptBuildPhase section */

/* Begin PBXSourcesBuildPhase section */
		C4A4155C1D0D579D00DC6018 /* Sources */ = {
			isa = PBXSourcesBuildPhase;
			buildActionMask = 2147483647;
			files = (
				C4D567A21D3A8DFE002AD881 /* STLoginItem.m in Sources */,
				29AF1BA3210F11BF004212DE /* DaemonProcess.swift in Sources */,
				C4FFB0661D0D7F870015D14A /* XGSyncthing.m in Sources */,
				298A5C45210DA6C40034B89F /* LocalhostTLSDelegate.m in Sources */,
				C4F0E8331DA1C7A800435310 /* STPreferencesFoldersViewController.m in Sources */,
				C4A415681D0D579D00DC6018 /* main.m in Sources */,
				C4946B031D587878008447A2 /* STAboutWindowController.m in Sources */,
				C4D36D801DA3D53F0061FD08 /* STPreferencesAdvancedViewController.m in Sources */,
				C4D36D851DA3E2820061FD08 /* STPreferencesDevicesViewController.m in Sources */,
				C4460A811D0DD2D500200C21 /* STStatusBarController.m in Sources */,
				C48B83B61DA444BC0052A172 /* STConfiguration.m in Sources */,
				0BE9B88A1F050E93002883E2 /* STStatusMonitor.m in Sources */,
				C4460A801D0DD2D500200C21 /* STPreferencesWindowController.m in Sources */,
				C4F0E82E1DA1B9CF00435310 /* STPreferencesGeneralViewController.m in Sources */,
				C4F0E8381DA1CB0900435310 /* STPreferencesInfoViewController.m in Sources */,
				C4A415651D0D579D00DC6018 /* STApplication.m in Sources */,
			);
			runOnlyForDeploymentPostprocessing = 0;
		};
/* End PBXSourcesBuildPhase section */

/* Begin PBXTargetDependency section */
		0B9C6B0A1F144DF6009C68CA /* PBXTargetDependency */ = {
			isa = PBXTargetDependency;
			target = C4A4155F1D0D579D00DC6018 /* syncthing */;
			targetProxy = 0B9C6B091F144DF6009C68CA /* PBXContainerItemProxy */;
		};
/* End PBXTargetDependency section */

/* Begin PBXVariantGroup section */
		C4A4156B1D0D579D00DC6018 /* STApplication.xib */ = {
			isa = PBXVariantGroup;
			children = (
				C4A4156C1D0D579D00DC6018 /* Base */,
			);
			name = STApplication.xib;
			sourceTree = "<group>";
		};
/* End PBXVariantGroup section */

/* Begin XCBuildConfiguration section */
		0B9C6B071F144DF1009C68CA /* Debug */ = {
			isa = XCBuildConfiguration;
			buildSettings = {
				PRODUCT_NAME = "$(TARGET_NAME)";
			};
			name = Debug;
		};
		0B9C6B081F144DF1009C68CA /* Release */ = {
			isa = XCBuildConfiguration;
			buildSettings = {
				PRODUCT_NAME = "$(TARGET_NAME)";
			};
			name = Release;
		};
		C4A4156F1D0D579D00DC6018 /* Debug */ = {
			isa = XCBuildConfiguration;
			buildSettings = {
				ALWAYS_SEARCH_USER_PATHS = YES;
				CLANG_ANALYZER_NONNULL = YES;
				CLANG_CXX_LANGUAGE_STANDARD = "gnu++0x";
				CLANG_CXX_LIBRARY = "libc++";
				CLANG_ENABLE_MODULES = YES;
				CLANG_ENABLE_OBJC_ARC = YES;
				CLANG_WARN_BLOCK_CAPTURE_AUTORELEASING = YES;
				CLANG_WARN_BOOL_CONVERSION = YES;
				CLANG_WARN_COMMA = YES;
				CLANG_WARN_CONSTANT_CONVERSION = YES;
				CLANG_WARN_DEPRECATED_OBJC_IMPLEMENTATIONS = YES;
				CLANG_WARN_DIRECT_OBJC_ISA_USAGE = YES_ERROR;
				CLANG_WARN_EMPTY_BODY = YES;
				CLANG_WARN_ENUM_CONVERSION = YES;
				CLANG_WARN_INFINITE_RECURSION = YES;
				CLANG_WARN_INT_CONVERSION = YES;
				CLANG_WARN_NON_LITERAL_NULL_CONVERSION = YES;
				CLANG_WARN_OBJC_IMPLICIT_RETAIN_SELF = YES;
				CLANG_WARN_OBJC_LITERAL_CONVERSION = YES;
				CLANG_WARN_OBJC_ROOT_CLASS = YES_ERROR;
				CLANG_WARN_RANGE_LOOP_ANALYSIS = YES;
				CLANG_WARN_STRICT_PROTOTYPES = YES;
				CLANG_WARN_SUSPICIOUS_MOVE = YES;
				CLANG_WARN_UNREACHABLE_CODE = YES;
				CLANG_WARN__DUPLICATE_METHOD_MATCH = YES;
				CODE_SIGN_IDENTITY = "Mac Developer";
				COPY_PHASE_STRIP = NO;
				DEAD_CODE_STRIPPING = YES;
				DEBUG_INFORMATION_FORMAT = dwarf;
				ENABLE_STRICT_OBJC_MSGSEND = YES;
				ENABLE_TESTABILITY = YES;
				GCC_C_LANGUAGE_STANDARD = gnu99;
				GCC_DYNAMIC_NO_PIC = YES;
				GCC_ENABLE_CPP_EXCEPTIONS = NO;
				GCC_NO_COMMON_BLOCKS = YES;
				GCC_OPTIMIZATION_LEVEL = 0;
				GCC_PREPROCESSOR_DEFINITIONS = (
					"DEBUG=1",
					"$(inherited)",
				);
				GCC_WARN_64_TO_32_BIT_CONVERSION = YES;
				GCC_WARN_ABOUT_RETURN_TYPE = YES_ERROR;
				GCC_WARN_UNDECLARED_SELECTOR = YES;
				GCC_WARN_UNINITIALIZED_AUTOS = YES_AGGRESSIVE;
				GCC_WARN_UNUSED_FUNCTION = YES;
				GCC_WARN_UNUSED_VARIABLE = YES;
				HEADER_SEARCH_PATHS = "$(SRCROOT)/syncthing/Test";
				MACOSX_DEPLOYMENT_TARGET = 10.10;
				MTL_ENABLE_DEBUG_INFO = YES;
				ONLY_ACTIVE_ARCH = YES;
				SDKROOT = macosx;
			};
			name = Debug;
		};
		C4A415701D0D579D00DC6018 /* Release */ = {
			isa = XCBuildConfiguration;
			buildSettings = {
				ALWAYS_SEARCH_USER_PATHS = YES;
				CLANG_ANALYZER_NONNULL = YES;
				CLANG_CXX_LANGUAGE_STANDARD = "gnu++0x";
				CLANG_CXX_LIBRARY = "libc++";
				CLANG_ENABLE_MODULES = YES;
				CLANG_ENABLE_OBJC_ARC = YES;
				CLANG_WARN_BLOCK_CAPTURE_AUTORELEASING = YES;
				CLANG_WARN_BOOL_CONVERSION = YES;
				CLANG_WARN_COMMA = YES;
				CLANG_WARN_CONSTANT_CONVERSION = YES;
				CLANG_WARN_DEPRECATED_OBJC_IMPLEMENTATIONS = YES;
				CLANG_WARN_DIRECT_OBJC_ISA_USAGE = YES_ERROR;
				CLANG_WARN_EMPTY_BODY = YES;
				CLANG_WARN_ENUM_CONVERSION = YES;
				CLANG_WARN_INFINITE_RECURSION = YES;
				CLANG_WARN_INT_CONVERSION = YES;
				CLANG_WARN_NON_LITERAL_NULL_CONVERSION = YES;
				CLANG_WARN_OBJC_IMPLICIT_RETAIN_SELF = YES;
				CLANG_WARN_OBJC_LITERAL_CONVERSION = YES;
				CLANG_WARN_OBJC_ROOT_CLASS = YES_ERROR;
				CLANG_WARN_RANGE_LOOP_ANALYSIS = YES;
				CLANG_WARN_STRICT_PROTOTYPES = YES;
				CLANG_WARN_SUSPICIOUS_MOVE = YES;
				CLANG_WARN_UNREACHABLE_CODE = YES;
				CLANG_WARN__DUPLICATE_METHOD_MATCH = YES;
				CODE_SIGN_IDENTITY = "Mac Developer";
				COPY_PHASE_STRIP = NO;
				DEAD_CODE_STRIPPING = YES;
				DEBUG_INFORMATION_FORMAT = "dwarf-with-dsym";
				ENABLE_NS_ASSERTIONS = NO;
				ENABLE_STRICT_OBJC_MSGSEND = YES;
				GCC_C_LANGUAGE_STANDARD = gnu99;
				GCC_DYNAMIC_NO_PIC = YES;
				GCC_ENABLE_CPP_EXCEPTIONS = NO;
				GCC_NO_COMMON_BLOCKS = YES;
				GCC_WARN_64_TO_32_BIT_CONVERSION = YES;
				GCC_WARN_ABOUT_RETURN_TYPE = YES_ERROR;
				GCC_WARN_UNDECLARED_SELECTOR = YES;
				GCC_WARN_UNINITIALIZED_AUTOS = YES_AGGRESSIVE;
				GCC_WARN_UNUSED_FUNCTION = YES;
				GCC_WARN_UNUSED_VARIABLE = YES;
				HEADER_SEARCH_PATHS = "$(SRCROOT)/syncthing/Test";
				MACOSX_DEPLOYMENT_TARGET = 10.10;
				MTL_ENABLE_DEBUG_INFO = NO;
				SDKROOT = macosx;
				SWIFT_COMPILATION_MODE = wholemodule;
			};
			name = Release;
		};
		C4A415721D0D579D00DC6018 /* Debug */ = {
			isa = XCBuildConfiguration;
			baseConfigurationReference = FB3E4EE48CFC608AD4FBDE77 /* Pods-syncthing.debug.xcconfig */;
			buildSettings = {
				CLANG_ENABLE_MODULES = YES;
				CODE_SIGN_IDENTITY = "";
				"CODE_SIGN_IDENTITY[sdk=macosx*]" = "";
				COMBINE_HIDPI_IMAGES = YES;
				CURRENT_PROJECT_VERSION = "";
				DEVELOPMENT_TEAM = "";
				FRAMEWORK_SEARCH_PATHS = (
					"$(inherited)",
					"$(PROJECT_DIR)",
					"$(PROJECT_DIR)/3thparty/frameworks",
				);
				INFOPLIST_FILE = syncthing/Info.plist;
				LD_RUNPATH_SEARCH_PATHS = "$(inherited) @executable_path/../Frameworks";
				MACOSX_DEPLOYMENT_TARGET = 10.10;
				PRODUCT_BUNDLE_IDENTIFIER = "com.github.xor-gate.syncthing-macosx";
				PRODUCT_NAME = Syncthing;
				PROVISIONING_PROFILE = "";
				PROVISIONING_PROFILE_SPECIFIER = "";
				SEPARATE_STRIP = NO;
				SWIFT_OBJC_BRIDGING_HEADER = "syncthing/syncthing-Bridging-Header.h";
				SWIFT_OPTIMIZATION_LEVEL = "-Onone";
				SWIFT_VERSION = 4.0;
				VALID_ARCHS = x86_64;
			};
			name = Debug;
		};
		C4A415731D0D579D00DC6018 /* Release */ = {
			isa = XCBuildConfiguration;
			baseConfigurationReference = 29CC334D4211142108D2F82C /* Pods-syncthing.release.xcconfig */;
			buildSettings = {
				CLANG_ENABLE_MODULES = YES;
				CODE_SIGN_IDENTITY = "";
				"CODE_SIGN_IDENTITY[sdk=*]" = "";
				COMBINE_HIDPI_IMAGES = YES;
				CURRENT_PROJECT_VERSION = "";
				DEVELOPMENT_TEAM = "";
				FRAMEWORK_SEARCH_PATHS = (
					"$(inherited)",
					"$(PROJECT_DIR)",
					"$(PROJECT_DIR)/3thparty/frameworks",
				);
				INFOPLIST_FILE = syncthing/Info.plist;
				LD_RUNPATH_SEARCH_PATHS = "$(inherited) @executable_path/../Frameworks";
				MACOSX_DEPLOYMENT_TARGET = 10.10;
				PRODUCT_BUNDLE_IDENTIFIER = "com.github.xor-gate.syncthing-macosx";
				PRODUCT_NAME = Syncthing;
				PROVISIONING_PROFILE = "";
				PROVISIONING_PROFILE_SPECIFIER = "";
				SEPARATE_STRIP = YES;
				SWIFT_OBJC_BRIDGING_HEADER = "syncthing/syncthing-Bridging-Header.h";
				SWIFT_VERSION = 4.0;
				VALID_ARCHS = x86_64;
			};
			name = Release;
		};
/* End XCBuildConfiguration section */

/* Begin XCConfigurationList section */
		0B9C6B061F144DF1009C68CA /* Build configuration list for PBXAggregateTarget "syncthing-dmg" */ = {
			isa = XCConfigurationList;
			buildConfigurations = (
				0B9C6B071F144DF1009C68CA /* Debug */,
				0B9C6B081F144DF1009C68CA /* Release */,
			);
			defaultConfigurationIsVisible = 0;
			defaultConfigurationName = Release;
		};
		C4A4155B1D0D579D00DC6018 /* Build configuration list for PBXProject "syncthing" */ = {
			isa = XCConfigurationList;
			buildConfigurations = (
				C4A4156F1D0D579D00DC6018 /* Debug */,
				C4A415701D0D579D00DC6018 /* Release */,
			);
			defaultConfigurationIsVisible = 0;
			defaultConfigurationName = Release;
		};
		C4A415711D0D579D00DC6018 /* Build configuration list for PBXNativeTarget "syncthing" */ = {
			isa = XCConfigurationList;
			buildConfigurations = (
				C4A415721D0D579D00DC6018 /* Debug */,
				C4A415731D0D579D00DC6018 /* Release */,
			);
			defaultConfigurationIsVisible = 0;
			defaultConfigurationName = Release;
		};
/* End XCConfigurationList section */
	};
	rootObject = C4A415581D0D579D00DC6018 /* Project object */;
}
