{
  "originHash" : "5751fcbe53b64441ed73aceb16987d6b3fc3ebc666cb9ec2de1f6a2d441f2515",
  "pins" : [
    {
      "identity" : "sparkle",
      "kind" : "remoteSourceControl",
      "location" : "https://github.com/sparkle-project/Sparkle.git",
      "state" : {
        "revision" : "10d96f2b9b9905b0f529f09e517219d4e20125c0",
        "version" : "1.27.3"
      }
    }
  ],
  "version" : 3
}
